// !$*UTF8*$!
{
	archiveVersion = 1;
	classes = {
	};
	objectVersion = 56;
	objects = {

/* Begin PBXBuildFile section */
		0011000000000C1 /* ChromaKit in Frameworks */ = {isa = PBXBuildFile; productRef = 001300000000021 /* ChromaKit */; };
		0011000000000C2 /* Markdown in Frameworks */ = {isa = PBXBuildFile; productRef = 001300000000022 /* Markdown */; };
		0011000000000D1 /* diff.swift in Sources */ = {isa = PBXBuildFile; fileRef = 0012000000000C1 /* diff.swift */; };
		0011000000000D2 /* cleanup.swift in Sources */ = {isa = PBXBuildFile; fileRef = 0012000000000C2 /* cleanup.swift */; };
		0011000000000D3 /* common.swift in Sources */ = {isa = PBXBuildFile; fileRef = 0012000000000C3 /* common.swift */; };
		0011000000000D4 /* String.swift in Sources */ = {isa = PBXBuildFile; fileRef = 0012000000000C4 /* String.swift */; };
		0011000000000D5 /* UnicodeScalar.swift in Sources */ = {isa = PBXBuildFile; fileRef = 0012000000000C5 /* UnicodeScalar.swift */; };
		0011000000000D6 /* NSRegularExpression.swift in Sources */ = {isa = PBXBuildFile; fileRef = 0012000000000C6 /* NSRegularExpression.swift */; };
		0011000000000D7 /* github-markdown.css in Resources */ = {isa = PBXBuildFile; fileRef = 0012000000000C7 /* github-markdown.css */; };
		0011000000000E1 /* SwiftDiffVendorTests.swift in Sources */ = {isa = PBXBuildFile; fileRef = 0012000000000E1 /* SwiftDiffVendorTests.swift */; };
		001100000002001 /* RegexTransformer.swift in Sources */ = {isa = PBXBuildFile; fileRef = 001200000002001 /* RegexTransformer.swift */; };
		001100000002002 /* RegexViewModel.swift in Sources */ = {isa = PBXBuildFile; fileRef = 001200000002002 /* RegexViewModel.swift */; };
		001100000002003 /* RegexView.swift in Sources */ = {isa = PBXBuildFile; fileRef = 001200000002003 /* RegexView.swift */; };
		001100000002004 /* RegexDefinition.swift in Sources */ = {isa = PBXBuildFile; fileRef = 001200000002004 /* RegexDefinition.swift */; };
		001100000002005 /* RegexTransformerTests.swift in Sources */ = {isa = PBXBuildFile; fileRef = 001200000002005 /* RegexTransformerTests.swift */; };
		001100000003001 /* ColorTransformer.swift in Sources */ = {isa = PBXBuildFile; fileRef = 001200000003001 /* ColorTransformer.swift */; };
		001100000003002 /* ColorViewModel.swift in Sources */ = {isa = PBXBuildFile; fileRef = 001200000003002 /* ColorViewModel.swift */; };
		001100000003003 /* ColorView.swift in Sources */ = {isa = PBXBuildFile; fileRef = 001200000003003 /* ColorView.swift */; };
		001100000003004 /* ColorDefinition.swift in Sources */ = {isa = PBXBuildFile; fileRef = 001200000003004 /* ColorDefinition.swift */; };
		001100000003005 /* ColorTransformerTests.swift in Sources */ = {isa = PBXBuildFile; fileRef = 001200000003005 /* ColorTransformerTests.swift */; };
		001100000004001 /* MarkdownTransformer.swift in Sources */ = {isa = PBXBuildFile; fileRef = 001200000004001 /* MarkdownTransformer.swift */; };
		001100000004002 /* MarkdownViewModel.swift in Sources */ = {isa = PBXBuildFile; fileRef = 001200000004002 /* MarkdownViewModel.swift */; };
		001100000004003 /* MarkdownView.swift in Sources */ = {isa = PBXBuildFile; fileRef = 001200000004003 /* MarkdownView.swift */; };
		001100000004004 /* MarkdownDefinition.swift in Sources */ = {isa = PBXBuildFile; fileRef = 001200000004004 /* MarkdownDefinition.swift */; };
		001100000004005 /* MarkdownTransformerTests.swift in Sources */ = {isa = PBXBuildFile; fileRef = 001200000004005 /* MarkdownTransformerTests.swift */; };
		001100000004006 /* WebPreviewView.swift in Sources */ = {isa = PBXBuildFile; fileRef = 001200000004006 /* WebPreviewView.swift */; };
		001100000004008 /* MarkdownEditorHighlightTests.swift in Sources */ = {isa = PBXBuildFile; fileRef = 001200000004008 /* MarkdownEditorHighlightTests.swift */; };
		001100000005001 /* NumberBaseTransformer.swift in Sources */ = {isa = PBXBuildFile; fileRef = 001200000005001 /* NumberBaseTransformer.swift */; };
		001100000005002 /* NumberBaseViewModel.swift in Sources */ = {isa = PBXBuildFile; fileRef = 001200000005002 /* NumberBaseViewModel.swift */; };
		001100000005003 /* NumberBaseView.swift in Sources */ = {isa = PBXBuildFile; fileRef = 001200000005003 /* NumberBaseView.swift */; };
		001100000005004 /* NumberBaseDefinition.swift in Sources */ = {isa = PBXBuildFile; fileRef = 001200000005004 /* NumberBaseDefinition.swift */; };
		001100000005005 /* NumberBaseTransformerTests.swift in Sources */ = {isa = PBXBuildFile; fileRef = 001200000005005 /* NumberBaseTransformerTests.swift */; };
		001100000005006 /* BitFieldView.swift in Sources */ = {isa = PBXBuildFile; fileRef = 001200000005006 /* BitFieldView.swift */; };
		001100000000001 /* FlintApp.swift in Sources */ = {isa = PBXBuildFile; fileRef = 001200000000001 /* FlintApp.swift */; };
		001100000000002 /* WindowCoordinator.swift in Sources */ = {isa = PBXBuildFile; fileRef = 001200000000002 /* WindowCoordinator.swift */; };
		001100000000003 /* ToolCategory.swift in Sources */ = {isa = PBXBuildFile; fileRef = 001200000000003 /* ToolCategory.swift */; };
		001100000000004 /* ToolDefinition.swift in Sources */ = {isa = PBXBuildFile; fileRef = 001200000000004 /* ToolDefinition.swift */; };
		001100000000005 /* DetectionResult.swift in Sources */ = {isa = PBXBuildFile; fileRef = 001200000000005 /* DetectionResult.swift */; };
		001100000000006 /* HistoryEntry.swift in Sources */ = {isa = PBXBuildFile; fileRef = 001200000000006 /* HistoryEntry.swift */; };
		001100000000007 /* HistoryStore.swift in Sources */ = {isa = PBXBuildFile; fileRef = 001200000000007 /* HistoryStore.swift */; };
		001100000000008 /* PreferencesStore.swift in Sources */ = {isa = PBXBuildFile; fileRef = 001200000000008 /* PreferencesStore.swift */; };
		001100000000009 /* ToolRegistry.swift in Sources */ = {isa = PBXBuildFile; fileRef = 001200000000009 /* ToolRegistry.swift */; };
		00110000000000A /* ClipboardDetector.swift in Sources */ = {isa = PBXBuildFile; fileRef = 00120000000000A /* ClipboardDetector.swift */; };
		00110000000000B /* HotkeyManager.swift in Sources */ = {isa = PBXBuildFile; fileRef = 00120000000000B /* HotkeyManager.swift */; };
		00110000000000C /* View+CopyButton.swift in Sources */ = {isa = PBXBuildFile; fileRef = 00120000000000C /* View+CopyButton.swift */; };
		00110000000000D /* MenuBarPopoverView.swift in Sources */ = {isa = PBXBuildFile; fileRef = 00120000000000D /* MenuBarPopoverView.swift */; };
		00110000000000E /* MainWindowView.swift in Sources */ = {isa = PBXBuildFile; fileRef = 00120000000000E /* MainWindowView.swift */; };
		00110000000000F /* CopyButtonView.swift in Sources */ = {isa = PBXBuildFile; fileRef = 00120000000000F /* CopyButtonView.swift */; };
		001100000000010 /* DetectionBannerView.swift in Sources */ = {isa = PBXBuildFile; fileRef = 001200000000010 /* DetectionBannerView.swift */; };
		001100000000011 /* InlineErrorView.swift in Sources */ = {isa = PBXBuildFile; fileRef = 001200000000011 /* InlineErrorView.swift */; };
		001100000000012 /* SyntaxEditorView.swift in Sources */ = {isa = PBXBuildFile; fileRef = 001200000000012 /* SyntaxEditorView.swift */; };
		001100000000013 /* CodeDisplayView.swift in Sources */ = {isa = PBXBuildFile; fileRef = 001200000000013 /* CodeDisplayView.swift */; };
		001100000000014 /* JSONTransformer.swift in Sources */ = {isa = PBXBuildFile; fileRef = 001200000000014 /* JSONTransformer.swift */; };
		001100000000015 /* JSONFormatterViewModel.swift in Sources */ = {isa = PBXBuildFile; fileRef = 001200000000015 /* JSONFormatterViewModel.swift */; };
		001100000000016 /* JSONFormatterView.swift in Sources */ = {isa = PBXBuildFile; fileRef = 001200000000016 /* JSONFormatterView.swift */; };
		001100000000017 /* JSONFormatterDefinition.swift in Sources */ = {isa = PBXBuildFile; fileRef = 001200000000017 /* JSONFormatterDefinition.swift */; };
		001100000000018 /* Base64Definition.swift in Sources */ = {isa = PBXBuildFile; fileRef = 001200000000018 /* Base64Definition.swift */; };
		001100000000019 /* URLEncoderDefinition.swift in Sources */ = {isa = PBXBuildFile; fileRef = 001200000000019 /* URLEncoderDefinition.swift */; };
		00110000000001A /* JWTDefinition.swift in Sources */ = {isa = PBXBuildFile; fileRef = 00120000000001A /* JWTDefinition.swift */; };
		00110000000001B /* TimestampDefinition.swift in Sources */ = {isa = PBXBuildFile; fileRef = 00120000000001B /* TimestampDefinition.swift */; };
		00110000000001C /* HashDefinition.swift in Sources */ = {isa = PBXBuildFile; fileRef = 00120000000001C /* HashDefinition.swift */; };
		00110000000001D /* UUIDDefinition.swift in Sources */ = {isa = PBXBuildFile; fileRef = 00120000000001D /* UUIDDefinition.swift */; };
		001100000000020 /* Assets.xcassets in Resources */ = {isa = PBXBuildFile; fileRef = 001200000000020 /* Assets.xcassets */; };
		001100000000030 /* JSONTransformerTests.swift in Sources */ = {isa = PBXBuildFile; fileRef = 001200000000030 /* JSONTransformerTests.swift */; };
		001100000000031 /* Base64TransformerTests.swift in Sources */ = {isa = PBXBuildFile; fileRef = 001200000000031 /* Base64TransformerTests.swift */; };
		001100000000032 /* URLTransformerTests.swift in Sources */ = {isa = PBXBuildFile; fileRef = 001200000000032 /* URLTransformerTests.swift */; };
		001100000000033 /* Base64Transformer.swift in Sources */ = {isa = PBXBuildFile; fileRef = 001200000000033 /* Base64Transformer.swift */; };
		001100000000034 /* Base64ViewModel.swift in Sources */ = {isa = PBXBuildFile; fileRef = 001200000000034 /* Base64ViewModel.swift */; };
		001100000000035 /* Base64View.swift in Sources */ = {isa = PBXBuildFile; fileRef = 001200000000035 /* Base64View.swift */; };
		001100000000036 /* URLTransformer.swift in Sources */ = {isa = PBXBuildFile; fileRef = 001200000000036 /* URLTransformer.swift */; };
		001100000000037 /* URLViewModel.swift in Sources */ = {isa = PBXBuildFile; fileRef = 001200000000037 /* URLViewModel.swift */; };
		001100000000038 /* URLView.swift in Sources */ = {isa = PBXBuildFile; fileRef = 001200000000038 /* URLView.swift */; };
		001100000000040 /* libz.tbd in Frameworks */ = {isa = PBXBuildFile; fileRef = 001200000000040 /* libz.tbd */; };
		001100000000050 /* GRDB in Frameworks */ = {isa = PBXBuildFile; productRef = 001300000000001 /* GRDB */; };
		001100000000051 /* KeyboardShortcuts in Frameworks */ = {isa = PBXBuildFile; productRef = 001300000000002 /* KeyboardShortcuts */; };
		001100000000052 /* MenuBarExtraAccess in Frameworks */ = {isa = PBXBuildFile; productRef = 001300000000003 /* MenuBarExtraAccess */; };
		001100000000053 /* HighlightSwift in Frameworks */ = {isa = PBXBuildFile; productRef = 001300000000004 /* HighlightSwift */; };
		001100000000060 /* GRDB in Frameworks (Tests) */ = {isa = PBXBuildFile; productRef = 001300000000011 /* GRDB */; };
		001100000000061 /* Data+Base64URL.swift in Sources */ = {isa = PBXBuildFile; fileRef = 001200000000041 /* Data+Base64URL.swift */; };
		001100000000062 /* JWTTransformer.swift in Sources */ = {isa = PBXBuildFile; fileRef = 001200000000042 /* JWTTransformer.swift */; };
		001100000000063 /* JWTViewModel.swift in Sources */ = {isa = PBXBuildFile; fileRef = 001200000000043 /* JWTViewModel.swift */; };
		001100000000064 /* JWTView.swift in Sources */ = {isa = PBXBuildFile; fileRef = 001200000000044 /* JWTView.swift */; };
		001100000000065 /* WarningBannerView.swift in Sources */ = {isa = PBXBuildFile; fileRef = 001200000000045 /* WarningBannerView.swift */; };
		001100000000066 /* JWTTransformerTests.swift in Sources */ = {isa = PBXBuildFile; fileRef = 001200000000046 /* JWTTransformerTests.swift */; };
		001100000000071 /* TimestampTransformer.swift in Sources */ = {isa = PBXBuildFile; fileRef = 001200000000071 /* TimestampTransformer.swift */; };
		001100000000072 /* TimestampViewModel.swift in Sources */ = {isa = PBXBuildFile; fileRef = 001200000000072 /* TimestampViewModel.swift */; };
		001100000000073 /* TimestampView.swift in Sources */ = {isa = PBXBuildFile; fileRef = 001200000000073 /* TimestampView.swift */; };
		001100000000074 /* TimestampTransformerTests.swift in Sources */ = {isa = PBXBuildFile; fileRef = 001200000000074 /* TimestampTransformerTests.swift */; };
		001100000000081 /* Array+HexString.swift in Sources */ = {isa = PBXBuildFile; fileRef = 001200000000081 /* Array+HexString.swift */; };
		001100000000082 /* HashTransformer.swift in Sources */ = {isa = PBXBuildFile; fileRef = 001200000000082 /* HashTransformer.swift */; };
		001100000000083 /* HashViewModel.swift in Sources */ = {isa = PBXBuildFile; fileRef = 001200000000083 /* HashViewModel.swift */; };
		001100000000084 /* HashView.swift in Sources */ = {isa = PBXBuildFile; fileRef = 001200000000084 /* HashView.swift */; };
		001100000000085 /* ProgressHashView.swift in Sources */ = {isa = PBXBuildFile; fileRef = 001200000000085 /* ProgressHashView.swift */; };
		001100000000086 /* HashTransformerTests.swift in Sources */ = {isa = PBXBuildFile; fileRef = 001200000000086 /* HashTransformerTests.swift */; };
		00110000000009A /* UUIDTransformer.swift in Sources */ = {isa = PBXBuildFile; fileRef = 0012000000009A /* UUIDTransformer.swift */; };
		00110000000009B /* UUIDViewModel.swift in Sources */ = {isa = PBXBuildFile; fileRef = 0012000000009B /* UUIDViewModel.swift */; };
		00110000000009C /* UUIDView.swift in Sources */ = {isa = PBXBuildFile; fileRef = 0012000000009C /* UUIDView.swift */; };
		00110000000009D /* UUIDTransformerTests.swift in Sources */ = {isa = PBXBuildFile; fileRef = 0012000000009D /* UUIDTransformerTests.swift */; };
		00110000000009E /* UUIDv7 in Frameworks */ = {isa = PBXBuildFile; productRef = 001300000000005 /* UUIDv7 */; };
		0011000000000A1 /* HistoryRowView.swift in Sources */ = {isa = PBXBuildFile; fileRef = 0012000000000A1 /* HistoryRowView.swift */; };
		0011000000000A2 /* HistoryPanelView.swift in Sources */ = {isa = PBXBuildFile; fileRef = 0012000000000A2 /* HistoryPanelView.swift */; };
		0011000000000A3 /* SearchView.swift in Sources */ = {isa = PBXBuildFile; fileRef = 0012000000000A3 /* SearchView.swift */; };
		0011000000000A4 /* PinnedToolBarView.swift in Sources */ = {isa = PBXBuildFile; fileRef = 0012000000000A4 /* PinnedToolBarView.swift */; };
		0011000000000B2 /* ToolShortcutActions.swift in Sources */ = {isa = PBXBuildFile; fileRef = 0012000000000B2 /* ToolShortcutActions.swift */; };
		0011000000000A5 /* HistorySearchTests.swift in Sources */ = {isa = PBXBuildFile; fileRef = 0012000000000A5 /* HistorySearchTests.swift */; };
		0011000000000A6 /* SearchResultsMerger.swift in Sources */ = {isa = PBXBuildFile; fileRef = 0012000000000A6 /* SearchResultsMerger.swift */; };
		0011000000000B0 /* PreferencesView.swift in Sources */ = {isa = PBXBuildFile; fileRef = 0012000000000B0 /* PreferencesView.swift */; };
		0011000000000B1 /* PinnedToolReorderTests.swift in Sources */ = {isa = PBXBuildFile; fileRef = 0012000000000B1 /* PinnedToolReorderTests.swift */; };
		001100000006001 /* TextDiffTransformer.swift in Sources */ = {isa = PBXBuildFile; fileRef = 001200000006001 /* TextDiffTransformer.swift */; };
		001100000006002 /* TextDiffViewModel.swift in Sources */ = {isa = PBXBuildFile; fileRef = 001200000006002 /* TextDiffViewModel.swift */; };
		001100000006003 /* TextDiffView.swift in Sources */ = {isa = PBXBuildFile; fileRef = 001200000006003 /* TextDiffView.swift */; };
		001100000006004 /* TextDiffDefinition.swift in Sources */ = {isa = PBXBuildFile; fileRef = 001200000006004 /* TextDiffDefinition.swift */; };
		001100000006005 /* TextDiffTransformerTests.swift in Sources */ = {isa = PBXBuildFile; fileRef = 001200000006005 /* TextDiffTransformerTests.swift */; };
/* End PBXBuildFile section */

/* Begin PBXFileReference section */
		001200000000001 /* FlintApp.swift */ = {isa = PBXFileReference; lastKnownFileType = sourcecode.swift; path = FlintApp.swift; sourceTree = "<group>"; };
		001200000000002 /* WindowCoordinator.swift */ = {isa = PBXFileReference; lastKnownFileType = sourcecode.swift; path = WindowCoordinator.swift; sourceTree = "<group>"; };
		001200000000003 /* ToolCategory.swift */ = {isa = PBXFileReference; lastKnownFileType = sourcecode.swift; path = ToolCategory.swift; sourceTree = "<group>"; };
		001200000000004 /* ToolDefinition.swift */ = {isa = PBXFileReference; lastKnownFileType = sourcecode.swift; path = ToolDefinition.swift; sourceTree = "<group>"; };
		001200000000005 /* DetectionResult.swift */ = {isa = PBXFileReference; lastKnownFileType = sourcecode.swift; path = DetectionResult.swift; sourceTree = "<group>"; };
		001200000000006 /* HistoryEntry.swift */ = {isa = PBXFileReference; lastKnownFileType = sourcecode.swift; path = HistoryEntry.swift; sourceTree = "<group>"; };
		001200000000007 /* HistoryStore.swift */ = {isa = PBXFileReference; lastKnownFileType = sourcecode.swift; path = HistoryStore.swift; sourceTree = "<group>"; };
		001200000000008 /* PreferencesStore.swift */ = {isa = PBXFileReference; lastKnownFileType = sourcecode.swift; path = PreferencesStore.swift; sourceTree = "<group>"; };
		001200000000009 /* ToolRegistry.swift */ = {isa = PBXFileReference; lastKnownFileType = sourcecode.swift; path = ToolRegistry.swift; sourceTree = "<group>"; };
		00120000000000A /* ClipboardDetector.swift */ = {isa = PBXFileReference; lastKnownFileType = sourcecode.swift; path = ClipboardDetector.swift; sourceTree = "<group>"; };
		00120000000000B /* HotkeyManager.swift */ = {isa = PBXFileReference; lastKnownFileType = sourcecode.swift; path = HotkeyManager.swift; sourceTree = "<group>"; };
		00120000000000C /* View+CopyButton.swift */ = {isa = PBXFileReference; lastKnownFileType = sourcecode.swift; path = "View+CopyButton.swift"; sourceTree = "<group>"; };
		00120000000000D /* MenuBarPopoverView.swift */ = {isa = PBXFileReference; lastKnownFileType = sourcecode.swift; path = MenuBarPopoverView.swift; sourceTree = "<group>"; };
		00120000000000E /* MainWindowView.swift */ = {isa = PBXFileReference; lastKnownFileType = sourcecode.swift; path = MainWindowView.swift; sourceTree = "<group>"; };
		00120000000000F /* CopyButtonView.swift */ = {isa = PBXFileReference; lastKnownFileType = sourcecode.swift; path = CopyButtonView.swift; sourceTree = "<group>"; };
		001200000000010 /* DetectionBannerView.swift */ = {isa = PBXFileReference; lastKnownFileType = sourcecode.swift; path = DetectionBannerView.swift; sourceTree = "<group>"; };
		001200000000011 /* InlineErrorView.swift */ = {isa = PBXFileReference; lastKnownFileType = sourcecode.swift; path = InlineErrorView.swift; sourceTree = "<group>"; };
		001200000000012 /* SyntaxEditorView.swift */ = {isa = PBXFileReference; lastKnownFileType = sourcecode.swift; path = SyntaxEditorView.swift; sourceTree = "<group>"; };
		001200000000013 /* CodeDisplayView.swift */ = {isa = PBXFileReference; lastKnownFileType = sourcecode.swift; path = CodeDisplayView.swift; sourceTree = "<group>"; };
		001200000000014 /* JSONTransformer.swift */ = {isa = PBXFileReference; lastKnownFileType = sourcecode.swift; path = JSONTransformer.swift; sourceTree = "<group>"; };
		001200000000015 /* JSONFormatterViewModel.swift */ = {isa = PBXFileReference; lastKnownFileType = sourcecode.swift; path = JSONFormatterViewModel.swift; sourceTree = "<group>"; };
		001200000000016 /* JSONFormatterView.swift */ = {isa = PBXFileReference; lastKnownFileType = sourcecode.swift; path = JSONFormatterView.swift; sourceTree = "<group>"; };
		001200000000017 /* JSONFormatterDefinition.swift */ = {isa = PBXFileReference; lastKnownFileType = sourcecode.swift; path = JSONFormatterDefinition.swift; sourceTree = "<group>"; };
		001200000000018 /* Base64Definition.swift */ = {isa = PBXFileReference; lastKnownFileType = sourcecode.swift; path = Base64Definition.swift; sourceTree = "<group>"; };
		001200000000019 /* URLEncoderDefinition.swift */ = {isa = PBXFileReference; lastKnownFileType = sourcecode.swift; path = URLEncoderDefinition.swift; sourceTree = "<group>"; };
		00120000000001A /* JWTDefinition.swift */ = {isa = PBXFileReference; lastKnownFileType = sourcecode.swift; path = JWTDefinition.swift; sourceTree = "<group>"; };
		00120000000001B /* TimestampDefinition.swift */ = {isa = PBXFileReference; lastKnownFileType = sourcecode.swift; path = TimestampDefinition.swift; sourceTree = "<group>"; };
		00120000000001C /* HashDefinition.swift */ = {isa = PBXFileReference; lastKnownFileType = sourcecode.swift; path = HashDefinition.swift; sourceTree = "<group>"; };
		00120000000001D /* UUIDDefinition.swift */ = {isa = PBXFileReference; lastKnownFileType = sourcecode.swift; path = UUIDDefinition.swift; sourceTree = "<group>"; };
		001200000000020 /* Assets.xcassets */ = {isa = PBXFileReference; lastKnownFileType = folder.assetcatalog; path = Assets.xcassets; sourceTree = "<group>"; };
		001200000000021 /* Flint-debug.entitlements */ = {isa = PBXFileReference; lastKnownFileType = text.plist.entitlements; path = "Flint-debug.entitlements"; sourceTree = "<group>"; };
		001200000000022 /* Flint-release.entitlements */ = {isa = PBXFileReference; lastKnownFileType = text.plist.entitlements; path = "Flint-release.entitlements"; sourceTree = "<group>"; };
		001200000000023 /* Info.plist */ = {isa = PBXFileReference; lastKnownFileType = text.plist.xml; path = Info.plist; sourceTree = "<group>"; };
		001200000000030 /* JSONTransformerTests.swift */ = {isa = PBXFileReference; lastKnownFileType = sourcecode.swift; path = JSONTransformerTests.swift; sourceTree = "<group>"; };
		001200000000031 /* Base64TransformerTests.swift */ = {isa = PBXFileReference; lastKnownFileType = sourcecode.swift; path = Base64TransformerTests.swift; sourceTree = "<group>"; };
		001200000000032 /* URLTransformerTests.swift */ = {isa = PBXFileReference; lastKnownFileType = sourcecode.swift; path = URLTransformerTests.swift; sourceTree = "<group>"; };
		001200000000033 /* Base64Transformer.swift */ = {isa = PBXFileReference; lastKnownFileType = sourcecode.swift; path = Base64Transformer.swift; sourceTree = "<group>"; };
		001200000000034 /* Base64ViewModel.swift */ = {isa = PBXFileReference; lastKnownFileType = sourcecode.swift; path = Base64ViewModel.swift; sourceTree = "<group>"; };
		001200000000035 /* Base64View.swift */ = {isa = PBXFileReference; lastKnownFileType = sourcecode.swift; path = Base64View.swift; sourceTree = "<group>"; };
		001200000000036 /* URLTransformer.swift */ = {isa = PBXFileReference; lastKnownFileType = sourcecode.swift; path = URLTransformer.swift; sourceTree = "<group>"; };
		001200000000037 /* URLViewModel.swift */ = {isa = PBXFileReference; lastKnownFileType = sourcecode.swift; path = URLViewModel.swift; sourceTree = "<group>"; };
		001200000000038 /* URLView.swift */ = {isa = PBXFileReference; lastKnownFileType = sourcecode.swift; path = URLView.swift; sourceTree = "<group>"; };
		001200000000040 /* libz.tbd */ = {isa = PBXFileReference; lastKnownFileType = "sourcecode.text-based-dylib-definition"; name = libz.tbd; path = usr/lib/libz.tbd; sourceTree = SDKROOT; };
		001200000000041 /* Data+Base64URL.swift */ = {isa = PBXFileReference; lastKnownFileType = sourcecode.swift; path = "Data+Base64URL.swift"; sourceTree = "<group>"; };
		001200000000042 /* JWTTransformer.swift */ = {isa = PBXFileReference; lastKnownFileType = sourcecode.swift; path = JWTTransformer.swift; sourceTree = "<group>"; };
		001200000000043 /* JWTViewModel.swift */ = {isa = PBXFileReference; lastKnownFileType = sourcecode.swift; path = JWTViewModel.swift; sourceTree = "<group>"; };
		001200000000044 /* JWTView.swift */ = {isa = PBXFileReference; lastKnownFileType = sourcecode.swift; path = JWTView.swift; sourceTree = "<group>"; };
		001200000000045 /* WarningBannerView.swift */ = {isa = PBXFileReference; lastKnownFileType = sourcecode.swift; path = WarningBannerView.swift; sourceTree = "<group>"; };
		001200000000046 /* JWTTransformerTests.swift */ = {isa = PBXFileReference; lastKnownFileType = sourcecode.swift; path = JWTTransformerTests.swift; sourceTree = "<group>"; };
		001200000000071 /* TimestampTransformer.swift */ = {isa = PBXFileReference; lastKnownFileType = sourcecode.swift; path = TimestampTransformer.swift; sourceTree = "<group>"; };
		001200000000072 /* TimestampViewModel.swift */ = {isa = PBXFileReference; lastKnownFileType = sourcecode.swift; path = TimestampViewModel.swift; sourceTree = "<group>"; };
		001200000000073 /* TimestampView.swift */ = {isa = PBXFileReference; lastKnownFileType = sourcecode.swift; path = TimestampView.swift; sourceTree = "<group>"; };
		001200000000074 /* TimestampTransformerTests.swift */ = {isa = PBXFileReference; lastKnownFileType = sourcecode.swift; path = TimestampTransformerTests.swift; sourceTree = "<group>"; };
		001200000000081 /* Array+HexString.swift */ = {isa = PBXFileReference; lastKnownFileType = sourcecode.swift; path = "Array+HexString.swift"; sourceTree = "<group>"; };
		001200000000082 /* HashTransformer.swift */ = {isa = PBXFileReference; lastKnownFileType = sourcecode.swift; path = HashTransformer.swift; sourceTree = "<group>"; };
		001200000000083 /* HashViewModel.swift */ = {isa = PBXFileReference; lastKnownFileType = sourcecode.swift; path = HashViewModel.swift; sourceTree = "<group>"; };
		001200000000084 /* HashView.swift */ = {isa = PBXFileReference; lastKnownFileType = sourcecode.swift; path = HashView.swift; sourceTree = "<group>"; };
		001200000000085 /* ProgressHashView.swift */ = {isa = PBXFileReference; lastKnownFileType = sourcecode.swift; path = ProgressHashView.swift; sourceTree = "<group>"; };
		001200000000086 /* HashTransformerTests.swift */ = {isa = PBXFileReference; lastKnownFileType = sourcecode.swift; path = HashTransformerTests.swift; sourceTree = "<group>"; };
		0012000000009A /* UUIDTransformer.swift */ = {isa = PBXFileReference; lastKnownFileType = sourcecode.swift; path = UUIDTransformer.swift; sourceTree = "<group>"; };
		0012000000009B /* UUIDViewModel.swift */ = {isa = PBXFileReference; lastKnownFileType = sourcecode.swift; path = UUIDViewModel.swift; sourceTree = "<group>"; };
		0012000000009C /* UUIDView.swift */ = {isa = PBXFileReference; lastKnownFileType = sourcecode.swift; path = UUIDView.swift; sourceTree = "<group>"; };
		0012000000009D /* UUIDTransformerTests.swift */ = {isa = PBXFileReference; lastKnownFileType = sourcecode.swift; path = UUIDTransformerTests.swift; sourceTree = "<group>"; };
		001200000000090 /* Flint.app */ = {isa = PBXFileReference; explicitFileType = wrapper.application; includeInIndex = 0; path = Flint.app; sourceTree = BUILT_PRODUCTS_DIR; };
		001200000000091 /* FlintTests.xctest */ = {isa = PBXFileReference; explicitFileType = wrapper.cfbundle; includeInIndex = 0; path = FlintTests.xctest; sourceTree = BUILT_PRODUCTS_DIR; };
		0012000000000A1 /* HistoryRowView.swift */ = {isa = PBXFileReference; lastKnownFileType = sourcecode.swift; path = HistoryRowView.swift; sourceTree = "<group>"; };
		0012000000000A2 /* HistoryPanelView.swift */ = {isa = PBXFileReference; lastKnownFileType = sourcecode.swift; path = HistoryPanelView.swift; sourceTree = "<group>"; };
		0012000000000A3 /* SearchView.swift */ = {isa = PBXFileReference; lastKnownFileType = sourcecode.swift; path = SearchView.swift; sourceTree = "<group>"; };
		0012000000000A4 /* PinnedToolBarView.swift */ = {isa = PBXFileReference; lastKnownFileType = sourcecode.swift; path = PinnedToolBarView.swift; sourceTree = "<group>"; };
		0012000000000B2 /* ToolShortcutActions.swift */ = {isa = PBXFileReference; lastKnownFileType = sourcecode.swift; path = ToolShortcutActions.swift; sourceTree = "<group>"; };
		0012000000000A5 /* HistorySearchTests.swift */ = {isa = PBXFileReference; lastKnownFileType = sourcecode.swift; path = HistorySearchTests.swift; sourceTree = "<group>"; };
		0012000000000A6 /* SearchResultsMerger.swift */ = {isa = PBXFileReference; lastKnownFileType = sourcecode.swift; path = SearchResultsMerger.swift; sourceTree = "<group>"; };
		0012000000000B0 /* PreferencesView.swift */ = {isa = PBXFileReference; lastKnownFileType = sourcecode.swift; path = PreferencesView.swift; sourceTree = "<group>"; };
		0012000000000B1 /* PinnedToolReorderTests.swift */ = {isa = PBXFileReference; lastKnownFileType = sourcecode.swift; path = PinnedToolReorderTests.swift; sourceTree = "<group>"; };
		0012000000000E1 /* SwiftDiffVendorTests.swift */ = {isa = PBXFileReference; lastKnownFileType = sourcecode.swift; path = SwiftDiffVendorTests.swift; sourceTree = "<group>"; };
		001200000002001 /* RegexTransformer.swift */ = {isa = PBXFileReference; lastKnownFileType = sourcecode.swift; path = RegexTransformer.swift; sourceTree = "<group>"; };
		001200000002002 /* RegexViewModel.swift */ = {isa = PBXFileReference; lastKnownFileType = sourcecode.swift; path = RegexViewModel.swift; sourceTree = "<group>"; };
		001200000002003 /* RegexView.swift */ = {isa = PBXFileReference; lastKnownFileType = sourcecode.swift; path = RegexView.swift; sourceTree = "<group>"; };
		001200000002004 /* RegexDefinition.swift */ = {isa = PBXFileReference; lastKnownFileType = sourcecode.swift; path = RegexDefinition.swift; sourceTree = "<group>"; };
		001200000002005 /* RegexTransformerTests.swift */ = {isa = PBXFileReference; lastKnownFileType = sourcecode.swift; path = RegexTransformerTests.swift; sourceTree = "<group>"; };
		001200000003001 /* ColorTransformer.swift */ = {isa = PBXFileReference; lastKnownFileType = sourcecode.swift; path = ColorTransformer.swift; sourceTree = "<group>"; };
		001200000003002 /* ColorViewModel.swift */ = {isa = PBXFileReference; lastKnownFileType = sourcecode.swift; path = ColorViewModel.swift; sourceTree = "<group>"; };
		001200000003003 /* ColorView.swift */ = {isa = PBXFileReference; lastKnownFileType = sourcecode.swift; path = ColorView.swift; sourceTree = "<group>"; };
		001200000003004 /* ColorDefinition.swift */ = {isa = PBXFileReference; lastKnownFileType = sourcecode.swift; path = ColorDefinition.swift; sourceTree = "<group>"; };
		001200000003005 /* ColorTransformerTests.swift */ = {isa = PBXFileReference; lastKnownFileType = sourcecode.swift; path = ColorTransformerTests.swift; sourceTree = "<group>"; };
		001200000004001 /* MarkdownTransformer.swift */ = {isa = PBXFileReference; lastKnownFileType = sourcecode.swift; path = MarkdownTransformer.swift; sourceTree = "<group>"; };
		001200000004002 /* MarkdownViewModel.swift */ = {isa = PBXFileReference; lastKnownFileType = sourcecode.swift; path = MarkdownViewModel.swift; sourceTree = "<group>"; };
		001200000004003 /* MarkdownView.swift */ = {isa = PBXFileReference; lastKnownFileType = sourcecode.swift; path = MarkdownView.swift; sourceTree = "<group>"; };
		001200000004004 /* MarkdownDefinition.swift */ = {isa = PBXFileReference; lastKnownFileType = sourcecode.swift; path = MarkdownDefinition.swift; sourceTree = "<group>"; };
		001200000004005 /* MarkdownTransformerTests.swift */ = {isa = PBXFileReference; lastKnownFileType = sourcecode.swift; path = MarkdownTransformerTests.swift; sourceTree = "<group>"; };
		001200000004006 /* WebPreviewView.swift */ = {isa = PBXFileReference; lastKnownFileType = sourcecode.swift; path = WebPreviewView.swift; sourceTree = "<group>"; };
		001200000004008 /* MarkdownEditorHighlightTests.swift */ = {isa = PBXFileReference; lastKnownFileType = sourcecode.swift; path = MarkdownEditorHighlightTests.swift; sourceTree = "<group>"; };
		001200000005001 /* NumberBaseTransformer.swift */ = {isa = PBXFileReference; lastKnownFileType = sourcecode.swift; path = NumberBaseTransformer.swift; sourceTree = "<group>"; };
		001200000005002 /* NumberBaseViewModel.swift */ = {isa = PBXFileReference; lastKnownFileType = sourcecode.swift; path = NumberBaseViewModel.swift; sourceTree = "<group>"; };
		001200000005003 /* NumberBaseView.swift */ = {isa = PBXFileReference; lastKnownFileType = sourcecode.swift; path = NumberBaseView.swift; sourceTree = "<group>"; };
		001200000005004 /* NumberBaseDefinition.swift */ = {isa = PBXFileReference; lastKnownFileType = sourcecode.swift; path = NumberBaseDefinition.swift; sourceTree = "<group>"; };
		001200000005005 /* NumberBaseTransformerTests.swift */ = {isa = PBXFileReference; lastKnownFileType = sourcecode.swift; path = NumberBaseTransformerTests.swift; sourceTree = "<group>"; };
		001200000005006 /* BitFieldView.swift */ = {isa = PBXFileReference; lastKnownFileType = sourcecode.swift; path = BitFieldView.swift; sourceTree = "<group>"; };
		0012000000000C1 /* diff.swift */ = {isa = PBXFileReference; lastKnownFileType = sourcecode.swift; path = diff.swift; sourceTree = "<group>"; };
		0012000000000C2 /* cleanup.swift */ = {isa = PBXFileReference; lastKnownFileType = sourcecode.swift; path = cleanup.swift; sourceTree = "<group>"; };
		0012000000000C3 /* common.swift */ = {isa = PBXFileReference; lastKnownFileType = sourcecode.swift; path = common.swift; sourceTree = "<group>"; };
		0012000000000C4 /* String.swift */ = {isa = PBXFileReference; lastKnownFileType = sourcecode.swift; path = String.swift; sourceTree = "<group>"; };
		0012000000000C5 /* UnicodeScalar.swift */ = {isa = PBXFileReference; lastKnownFileType = sourcecode.swift; path = UnicodeScalar.swift; sourceTree = "<group>"; };
		0012000000000C6 /* NSRegularExpression.swift */ = {isa = PBXFileReference; lastKnownFileType = sourcecode.swift; path = NSRegularExpression.swift; sourceTree = "<group>"; };
		0012000000000C7 /* github-markdown.css */ = {isa = PBXFileReference; lastKnownFileType = text.css; path = "github-markdown.css"; sourceTree = "<group>"; };
		001200000006001 /* TextDiffTransformer.swift */ = {isa = PBXFileReference; lastKnownFileType = sourcecode.swift; path = TextDiffTransformer.swift; sourceTree = "<group>"; };
		001200000006002 /* TextDiffViewModel.swift */ = {isa = PBXFileReference; lastKnownFileType = sourcecode.swift; path = TextDiffViewModel.swift; sourceTree = "<group>"; };
		001200000006003 /* TextDiffView.swift */ = {isa = PBXFileReference; lastKnownFileType = sourcecode.swift; path = TextDiffView.swift; sourceTree = "<group>"; };
		001200000006004 /* TextDiffDefinition.swift */ = {isa = PBXFileReference; lastKnownFileType = sourcecode.swift; path = TextDiffDefinition.swift; sourceTree = "<group>"; };
		001200000006005 /* TextDiffTransformerTests.swift */ = {isa = PBXFileReference; lastKnownFileType = sourcecode.swift; path = TextDiffTransformerTests.swift; sourceTree = "<group>"; };
/* End PBXFileReference section */

/* Begin PBXFrameworksBuildPhase section */
		001400000000001 /* Frameworks */ = {
			isa = PBXFrameworksBuildPhase;
			buildActionMask = 2147483647;
			files = (
				001100000000040 /* libz.tbd in Frameworks */,
				001100000000050 /* GRDB in Frameworks */,
				001100000000051 /* KeyboardShortcuts in Frameworks */,
				001100000000052 /* MenuBarExtraAccess in Frameworks */,
				001100000000053 /* HighlightSwift in Frameworks */,
				00110000000009E /* UUIDv7 in Frameworks */,
				0011000000000C1 /* ChromaKit in Frameworks */,
				0011000000000C2 /* Markdown in Frameworks */,
			);
			runOnlyForDeploymentPostprocessing = 0;
		};
		001400000000002 /* Frameworks (Tests) */ = {
			isa = PBXFrameworksBuildPhase;
			buildActionMask = 2147483647;
			files = (
				001100000000060 /* GRDB in Frameworks (Tests) */,
			);
			runOnlyForDeploymentPostprocessing = 0;
		};
/* End PBXFrameworksBuildPhase section */

/* Begin PBXGroup section */
		001500000000000 /* Products */ = {
			isa = PBXGroup;
			children = (
				001200000000090 /* Flint.app */,
				001200000000091 /* FlintTests.xctest */,
			);
			name = Products;
			sourceTree = "<group>";
		};
		001500000000001 /* Frameworks */ = {
			isa = PBXGroup;
			children = (
				001200000000040 /* libz.tbd */,
			);
			name = Frameworks;
			sourceTree = "<group>";
		};
		001500000000002 /* App */ = {
			isa = PBXGroup;
			children = (
				001200000000001 /* FlintApp.swift */,
				001200000000002 /* WindowCoordinator.swift */,
			);
			path = App;
			sourceTree = "<group>";
		};
		001500000000003 /* Core */ = {
			isa = PBXGroup;
			children = (
				001500000000004 /* Models */,
				001500000000005 /* Services */,
				001500000000006 /* Extensions */,
			);
			path = Core;
			sourceTree = "<group>";
		};
		001500000000004 /* Models */ = {
			isa = PBXGroup;
			children = (
				001200000000003 /* ToolCategory.swift */,
				001200000000004 /* ToolDefinition.swift */,
				001200000000005 /* DetectionResult.swift */,
				001200000000006 /* HistoryEntry.swift */,
			);
			path = Models;
			sourceTree = "<group>";
		};
		001500000000005 /* Services */ = {
			isa = PBXGroup;
			children = (
				001200000000007 /* HistoryStore.swift */,
				001200000000008 /* PreferencesStore.swift */,
				001200000000009 /* ToolRegistry.swift */,
				00120000000000A /* ClipboardDetector.swift */,
				00120000000000B /* HotkeyManager.swift */,
				0012000000000A6 /* SearchResultsMerger.swift */,
			);
			path = Services;
			sourceTree = "<group>";
		};
		001500000000006 /* Extensions */ = {
			isa = PBXGroup;
			children = (
				00120000000000C /* View+CopyButton.swift */,
				001200000000041 /* Data+Base64URL.swift */,
				001200000000081 /* Array+HexString.swift */,
			);
			path = Extensions;
			sourceTree = "<group>";
		};
		001500000000007 /* Tools */ = {
			isa = PBXGroup;
			children = (
				001500000000008 /* JSONFormatter */,
				001500000000009 /* Base64 */,
				00150000000000A /* URLEncoder */,
				00150000000000B /* JWT */,
				00150000000000C /* Timestamp */,
				00150000000000D /* Hash */,
				00150000000000E /* UUID */,
				001500000000020 /* TextDiff */,
				001500000002001 /* Regex */,
				001500000003001 /* Color */,
				001500000004001 /* Markdown */,
				001500000005001 /* NumberBase */,
			);
			path = Tools;
			sourceTree = "<group>";
		};
		001500000000020 /* TextDiff */ = {
			isa = PBXGroup;
			children = (
				001500000000021 /* SwiftDiff */,
				001200000006001 /* TextDiffTransformer.swift */,
				001200000006002 /* TextDiffViewModel.swift */,
				001200000006003 /* TextDiffView.swift */,
				001200000006004 /* TextDiffDefinition.swift */,
			);
			path = TextDiff;
			sourceTree = "<group>";
		};
		001500000002001 /* Regex */ = {
			isa = PBXGroup;
			children = (
				001200000002001 /* RegexTransformer.swift */,
				001200000002002 /* RegexViewModel.swift */,
				001200000002003 /* RegexView.swift */,
				001200000002004 /* RegexDefinition.swift */,
			);
			path = Regex;
			sourceTree = "<group>";
		};
		001500000003001 /* Color */ = {
			isa = PBXGroup;
			children = (
				001200000003001 /* ColorTransformer.swift */,
				001200000003002 /* ColorViewModel.swift */,
				001200000003003 /* ColorView.swift */,
				001200000003004 /* ColorDefinition.swift */,
			);
			path = Color;
			sourceTree = "<group>";
		};
		001500000004001 /* Markdown */ = {
			isa = PBXGroup;
			children = (
				001200000004001 /* MarkdownTransformer.swift */,
				001200000004002 /* MarkdownViewModel.swift */,
				001200000004003 /* MarkdownView.swift */,
				001200000004004 /* MarkdownDefinition.swift */,
			);
			path = Markdown;
			sourceTree = "<group>";
		};
		001500000005001 /* NumberBase */ = {
			isa = PBXGroup;
			children = (
				001200000005001 /* NumberBaseTransformer.swift */,
				001200000005002 /* NumberBaseViewModel.swift */,
				001200000005003 /* NumberBaseView.swift */,
				001200000005004 /* NumberBaseDefinition.swift */,
			);
			path = NumberBase;
			sourceTree = "<group>";
		};
		001500000000021 /* SwiftDiff */ = {
			isa = PBXGroup;
			children = (
				0012000000000C1 /* diff.swift */,
				0012000000000C2 /* cleanup.swift */,
				0012000000000C3 /* common.swift */,
				0012000000000C4 /* String.swift */,
				0012000000000C5 /* UnicodeScalar.swift */,
				0012000000000C6 /* NSRegularExpression.swift */,
			);
			path = SwiftDiff;
			sourceTree = "<group>";
		};
		001500000000008 /* JSONFormatter */ = {
			isa = PBXGroup;
			children = (
				001200000000014 /* JSONTransformer.swift */,
				001200000000015 /* JSONFormatterViewModel.swift */,
				001200000000016 /* JSONFormatterView.swift */,
				001200000000017 /* JSONFormatterDefinition.swift */,
			);
			path = JSONFormatter;
			sourceTree = "<group>";
		};
		001500000000009 /* Base64 */ = {
			isa = PBXGroup;
			children = (
				001200000000033 /* Base64Transformer.swift */,
				001200000000034 /* Base64ViewModel.swift */,
				001200000000035 /* Base64View.swift */,
				001200000000018 /* Base64Definition.swift */,
			);
			path = Base64;
			sourceTree = "<group>";
		};
		00150000000000A /* URLEncoder */ = {
			isa = PBXGroup;
			children = (
				001200000000036 /* URLTransformer.swift */,
				001200000000037 /* URLViewModel.swift */,
				001200000000038 /* URLView.swift */,
				001200000000019 /* URLEncoderDefinition.swift */,
			);
			path = URLEncoder;
			sourceTree = "<group>";
		};
		00150000000000B /* JWT */ = {
			isa = PBXGroup;
			children = (
				001200000000042 /* JWTTransformer.swift */,
				001200000000043 /* JWTViewModel.swift */,
				001200000000044 /* JWTView.swift */,
				00120000000001A /* JWTDefinition.swift */,
			);
			path = JWT;
			sourceTree = "<group>";
		};
		00150000000000C /* Timestamp */ = {
			isa = PBXGroup;
			children = (
				001200000000071 /* TimestampTransformer.swift */,
				001200000000072 /* TimestampViewModel.swift */,
				001200000000073 /* TimestampView.swift */,
				00120000000001B /* TimestampDefinition.swift */,
			);
			path = Timestamp;
			sourceTree = "<group>";
		};
		00150000000000D /* Hash */ = {
			isa = PBXGroup;
			children = (
				001200000000082 /* HashTransformer.swift */,
				001200000000083 /* HashViewModel.swift */,
				001200000000084 /* HashView.swift */,
				00120000000001C /* HashDefinition.swift */,
			);
			path = Hash;
			sourceTree = "<group>";
		};
		00150000000000E /* UUID */ = {
			isa = PBXGroup;
			children = (
				0012000000009A /* UUIDTransformer.swift */,
				0012000000009B /* UUIDViewModel.swift */,
				0012000000009C /* UUIDView.swift */,
				00120000000001D /* UUIDDefinition.swift */,
			);
			path = UUID;
			sourceTree = "<group>";
		};
		00150000000000F /* UI */ = {
			isa = PBXGroup;
			children = (
				00120000000000D /* MenuBarPopoverView.swift */,
				00120000000000E /* MainWindowView.swift */,
				0012000000000A2 /* HistoryPanelView.swift */,
				0012000000000A3 /* SearchView.swift */,
				0012000000000B0 /* PreferencesView.swift */,
				001500000000010 /* Components */,
			);
			path = UI;
			sourceTree = "<group>";
		};
		001500000000010 /* Components */ = {
			isa = PBXGroup;
			children = (
				00120000000000F /* CopyButtonView.swift */,
				001200000000010 /* DetectionBannerView.swift */,
				001200000000011 /* InlineErrorView.swift */,
				001200000000012 /* SyntaxEditorView.swift */,
				001200000000013 /* CodeDisplayView.swift */,
				001200000000045 /* WarningBannerView.swift */,
				001200000000085 /* ProgressHashView.swift */,
				0012000000000A1 /* HistoryRowView.swift */,
				0012000000000A4 /* PinnedToolBarView.swift */,
				0012000000000B2 /* ToolShortcutActions.swift */,
				001200000004006 /* WebPreviewView.swift */,
				001200000005006 /* BitFieldView.swift */,
			);
			path = Components;
			sourceTree = "<group>";
		};
		001500000000011 /* Resources */ = {
			isa = PBXGroup;
			children = (
				001200000000020 /* Assets.xcassets */,
				001200000000021 /* Flint-debug.entitlements */,
				001200000000022 /* Flint-release.entitlements */,
				0012000000000C7 /* github-markdown.css */,
			);
			path = Resources;
			sourceTree = "<group>";
		};
		001500000000012 /* FlintTests */ = {
			isa = PBXGroup;
			children = (
				001200000000030 /* JSONTransformerTests.swift */,
				001200000000031 /* Base64TransformerTests.swift */,
				001200000000032 /* URLTransformerTests.swift */,
				001200000000046 /* JWTTransformerTests.swift */,
				001200000000074 /* TimestampTransformerTests.swift */,
				001200000000086 /* HashTransformerTests.swift */,
				0012000000009D /* UUIDTransformerTests.swift */,
				0012000000000A5 /* HistorySearchTests.swift */,
				0012000000000B1 /* PinnedToolReorderTests.swift */,
				0012000000000E1 /* SwiftDiffVendorTests.swift */,
				001200000002005 /* RegexTransformerTests.swift */,
				001200000003005 /* ColorTransformerTests.swift */,
				001200000004005 /* MarkdownTransformerTests.swift */,
				001200000004008 /* MarkdownEditorHighlightTests.swift */,
				001200000005005 /* NumberBaseTransformerTests.swift */,
				001200000006005 /* TextDiffTransformerTests.swift */,
			);
			path = FlintTests;
			sourceTree = "<group>";
		};
		001500000000099 = {
			isa = PBXGroup;
			children = (
				001200000000023 /* Info.plist */,
				001500000000002 /* App */,
				001500000000003 /* Core */,
				001500000000007 /* Tools */,
				00150000000000F /* UI */,
				001500000000011 /* Resources */,
				001500000000012 /* FlintTests */,
				001500000000001 /* Frameworks */,
				001500000000000 /* Products */,
			);
			sourceTree = "<group>";
		};
/* End PBXGroup section */

/* Begin PBXNativeTarget section */
		001600000000001 /* Flint */ = {
			isa = PBXNativeTarget;
			buildConfigurationList = 001700000000001 /* Build configuration list for PBXNativeTarget "Flint" */;
			buildPhases = (
				001400000000001 /* Frameworks */,
				001800000000001 /* Sources */,
				001800000000003 /* Resources */,
			);
			buildRules = (
			);
			dependencies = (
			);
			name = Flint;
			packageProductDependencies = (
				001300000000001 /* GRDB */,
				001300000000002 /* KeyboardShortcuts */,
				001300000000003 /* MenuBarExtraAccess */,
				001300000000004 /* HighlightSwift */,
				001300000000005 /* UUIDv7 */,
				001300000000021 /* ChromaKit */,
				001300000000022 /* Markdown */,
			);
			productName = Flint;
			productReference = 001200000000090 /* Flint.app */;
			productType = "com.apple.product-type.application";
		};
		001600000000002 /* FlintTests */ = {
			isa = PBXNativeTarget;
			buildConfigurationList = 001700000000002 /* Build configuration list for PBXNativeTarget "FlintTests" */;
			buildPhases = (
				001400000000002 /* Frameworks (Tests) */,
				001800000000002 /* Sources (Tests) */,
			);
			buildRules = (
			);
			dependencies = (
				001900000000001 /* PBXTargetDependency */,
			);
			name = FlintTests;
			packageProductDependencies = (
				001300000000011 /* GRDB */,
			);
			productName = FlintTests;
			productReference = 001200000000091 /* FlintTests.xctest */;
			productType = "com.apple.product-type.bundle.unit-test";
		};
/* End PBXNativeTarget section */

/* Begin PBXProject section */
		001A00000000001 /* Project object */ = {
			isa = PBXProject;
			attributes = {
				BuildIndependentTargetsInParallel = 1;
				LastSwiftUpdateCheck = 1630;
				LastUpgradeCheck = 1630;
				TargetAttributes = {
					001600000000001 = {
						CreatedOnToolsVersion = 16.3;
					};
					001600000000002 = {
						CreatedOnToolsVersion = 16.3;
						TestTargetID = 001600000000001;
					};
				};
			};
			buildConfigurationList = 001700000000000 /* Build configuration list for PBXProject "Flint" */;
			compatibilityVersion = "Xcode 14.0";
			developmentRegion = en;
			hasScannedForEncodings = 0;
			knownRegions = (
				en,
				Base,
			);
			mainGroup = 001500000000099;
			packageReferences = (
				001B00000000001 /* XCRemoteSwiftPackageReference "GRDB.swift" */,
				001B00000000002 /* XCRemoteSwiftPackageReference "KeyboardShortcuts" */,
				001B00000000003 /* XCRemoteSwiftPackageReference "MenuBarExtraAccess" */,
				001B00000000004 /* XCRemoteSwiftPackageReference "HighlightSwift" */,
				001B00000000005 /* XCRemoteSwiftPackageReference "UUIDv7" */,
				001B00000000006 /* XCRemoteSwiftPackageReference "ChromaKit" */,
				001B00000000007 /* XCRemoteSwiftPackageReference "swift-markdown" */,
			);
			productRefGroup = 001500000000000 /* Products */;
			projectDirPath = "";
			projectRoot = "";
			targets = (
				001600000000001 /* Flint */,
				001600000000002 /* FlintTests */,
			);
		};
/* End PBXProject section */

/* Begin PBXResourcesBuildPhase section */
		001800000000003 /* Resources */ = {
			isa = PBXResourcesBuildPhase;
			buildActionMask = 2147483647;
			files = (
				001100000000020 /* Assets.xcassets in Resources */,
				0011000000000D7 /* github-markdown.css in Resources */,
			);
			runOnlyForDeploymentPostprocessing = 0;
		};
/* End PBXResourcesBuildPhase section */

/* Begin PBXSourcesBuildPhase section */
		001800000000001 /* Sources */ = {
			isa = PBXSourcesBuildPhase;
			buildActionMask = 2147483647;
			files = (
				001100000000001 /* FlintApp.swift in Sources */,
				001100000000002 /* WindowCoordinator.swift in Sources */,
				001100000000003 /* ToolCategory.swift in Sources */,
				001100000000004 /* ToolDefinition.swift in Sources */,
				001100000000005 /* DetectionResult.swift in Sources */,
				001100000000006 /* HistoryEntry.swift in Sources */,
				001100000000007 /* HistoryStore.swift in Sources */,
				001100000000008 /* PreferencesStore.swift in Sources */,
				001100000000009 /* ToolRegistry.swift in Sources */,
				00110000000000A /* ClipboardDetector.swift in Sources */,
				00110000000000B /* HotkeyManager.swift in Sources */,
				00110000000000C /* View+CopyButton.swift in Sources */,
				00110000000000D /* MenuBarPopoverView.swift in Sources */,
				00110000000000E /* MainWindowView.swift in Sources */,
				00110000000000F /* CopyButtonView.swift in Sources */,
				001100000000010 /* DetectionBannerView.swift in Sources */,
				001100000000011 /* InlineErrorView.swift in Sources */,
				001100000000012 /* SyntaxEditorView.swift in Sources */,
				001100000000013 /* CodeDisplayView.swift in Sources */,
				001100000000014 /* JSONTransformer.swift in Sources */,
				001100000000015 /* JSONFormatterViewModel.swift in Sources */,
				001100000000016 /* JSONFormatterView.swift in Sources */,
				001100000000017 /* JSONFormatterDefinition.swift in Sources */,
				001100000000033 /* Base64Transformer.swift in Sources */,
				001100000000034 /* Base64ViewModel.swift in Sources */,
				001100000000035 /* Base64View.swift in Sources */,
				001100000000018 /* Base64Definition.swift in Sources */,
				001100000000036 /* URLTransformer.swift in Sources */,
				001100000000037 /* URLViewModel.swift in Sources */,
				001100000000038 /* URLView.swift in Sources */,
				001100000000019 /* URLEncoderDefinition.swift in Sources */,
				00110000000001A /* JWTDefinition.swift in Sources */,
				001100000000061 /* Data+Base64URL.swift in Sources */,
				001100000000062 /* JWTTransformer.swift in Sources */,
				001100000000063 /* JWTViewModel.swift in Sources */,
				001100000000064 /* JWTView.swift in Sources */,
				001100000000065 /* WarningBannerView.swift in Sources */,
				00110000000001B /* TimestampDefinition.swift in Sources */,
				001100000000071 /* TimestampTransformer.swift in Sources */,
				001100000000072 /* TimestampViewModel.swift in Sources */,
				001100000000073 /* TimestampView.swift in Sources */,
				001100000000081 /* Array+HexString.swift in Sources */,
				001100000000082 /* HashTransformer.swift in Sources */,
				001100000000083 /* HashViewModel.swift in Sources */,
				001100000000084 /* HashView.swift in Sources */,
				001100000000085 /* ProgressHashView.swift in Sources */,
				00110000000001C /* HashDefinition.swift in Sources */,
				00110000000009A /* UUIDTransformer.swift in Sources */,
				00110000000009B /* UUIDViewModel.swift in Sources */,
				00110000000009C /* UUIDView.swift in Sources */,
				00110000000001D /* UUIDDefinition.swift in Sources */,
				0011000000000A1 /* HistoryRowView.swift in Sources */,
				0011000000000A2 /* HistoryPanelView.swift in Sources */,
				0011000000000A3 /* SearchView.swift in Sources */,
				0011000000000A4 /* PinnedToolBarView.swift in Sources */,
				0011000000000B2 /* ToolShortcutActions.swift in Sources */,
				0011000000000A6 /* SearchResultsMerger.swift in Sources */,
				0011000000000B0 /* PreferencesView.swift in Sources */,
				0011000000000D1 /* diff.swift in Sources */,
				0011000000000D2 /* cleanup.swift in Sources */,
				0011000000000D3 /* common.swift in Sources */,
				0011000000000D4 /* String.swift in Sources */,
				0011000000000D5 /* UnicodeScalar.swift in Sources */,
				0011000000000D6 /* NSRegularExpression.swift in Sources */,
				001100000002001 /* RegexTransformer.swift in Sources */,
				001100000002002 /* RegexViewModel.swift in Sources */,
				001100000002003 /* RegexView.swift in Sources */,
				001100000002004 /* RegexDefinition.swift in Sources */,
				001100000003001 /* ColorTransformer.swift in Sources */,
				001100000003002 /* ColorViewModel.swift in Sources */,
				001100000003003 /* ColorView.swift in Sources */,
				001100000003004 /* ColorDefinition.swift in Sources */,
				001100000004001 /* MarkdownTransformer.swift in Sources */,
				001100000004002 /* MarkdownViewModel.swift in Sources */,
				001100000004003 /* MarkdownView.swift in Sources */,
				001100000004004 /* MarkdownDefinition.swift in Sources */,
				001100000004006 /* WebPreviewView.swift in Sources */,
				001100000005001 /* NumberBaseTransformer.swift in Sources */,
				001100000005002 /* NumberBaseViewModel.swift in Sources */,
				001100000005003 /* NumberBaseView.swift in Sources */,
				001100000005004 /* NumberBaseDefinition.swift in Sources */,
				001100000005006 /* BitFieldView.swift in Sources */,
				001100000006001 /* TextDiffTransformer.swift in Sources */,
				001100000006002 /* TextDiffViewModel.swift in Sources */,
				001100000006003 /* TextDiffView.swift in Sources */,
				001100000006004 /* TextDiffDefinition.swift in Sources */,
			);
			runOnlyForDeploymentPostprocessing = 0;
		};
		001800000000002 /* Sources (Tests) */ = {
			isa = PBXSourcesBuildPhase;
			buildActionMask = 2147483647;
			files = (
				001100000000030 /* JSONTransformerTests.swift in Sources */,
				001100000000031 /* Base64TransformerTests.swift in Sources */,
				001100000000032 /* URLTransformerTests.swift in Sources */,
				001100000000066 /* JWTTransformerTests.swift in Sources */,
				001100000000074 /* TimestampTransformerTests.swift in Sources */,
				001100000000086 /* HashTransformerTests.swift in Sources */,
				00110000000009D /* UUIDTransformerTests.swift in Sources */,
				0011000000000A5 /* HistorySearchTests.swift in Sources */,
				0011000000000B1 /* PinnedToolReorderTests.swift in Sources */,
				0011000000000E1 /* SwiftDiffVendorTests.swift in Sources */,
				001100000002005 /* RegexTransformerTests.swift in Sources */,
				001100000003005 /* ColorTransformerTests.swift in Sources */,
				001100000004005 /* MarkdownTransformerTests.swift in Sources */,
				001100000004008 /* MarkdownEditorHighlightTests.swift in Sources */,
				001100000005005 /* NumberBaseTransformerTests.swift in Sources */,
				001100000006005 /* TextDiffTransformerTests.swift in Sources */,
			);
			runOnlyForDeploymentPostprocessing = 0;
		};
/* End PBXSourcesBuildPhase section */

/* Begin PBXTargetDependency section */
		001900000000001 /* PBXTargetDependency */ = {
			isa = PBXTargetDependency;
			target = 001600000000001 /* Flint */;
			targetProxy = 001900000000002 /* PBXContainerItemProxy */;
		};
/* End PBXTargetDependency section */

/* Begin PBXContainerItemProxy section */
		001900000000002 /* PBXContainerItemProxy */ = {
			isa = PBXContainerItemProxy;
			containerPortal = 001A00000000001 /* Project object */;
			proxyType = 1;
			remoteGlobalIDString = 001600000000001;
			remoteInfo = Flint;
		};
/* End PBXContainerItemProxy section */

/* Begin XCBuildConfiguration section */
		001700000000010 /* Debug (Project) */ = {
			isa = XCBuildConfiguration;
			buildSettings = {
				ALWAYS_SEARCH_USER_PATHS = NO;
				CLANG_ANALYZER_NONNULL = YES;
				CLANG_ANALYZER_NUMBER_OBJECT_CONVERSION = YES_AGGRESSIVE;
				CLANG_CXX_LANGUAGE_STANDARD = "gnu++20";
				CLANG_ENABLE_MODULES = YES;
				CLANG_ENABLE_OBJC_ARC = YES;
				CLANG_ENABLE_OBJC_WEAK = YES;
				CLANG_WARN_BLOCK_CAPTURE_AUTORELEASING = YES;
				CLANG_WARN_BOOL_CONVERSION = YES;
				CLANG_WARN_COMMA = YES;
				CLANG_WARN_CONSTANT_CONVERSION = YES;
				CLANG_WARN_DEPRECATED_OBJC_IMPLEMENTATIONS = YES;
				CLANG_WARN_DIRECT_OBJC_ISA_USAGE = YES_ERROR;
				CLANG_WARN_DOCUMENTATION_COMMENTS = YES;
				CLANG_WARN_EMPTY_BODY = YES;
				CLANG_WARN_ENUM_CONVERSION = YES;
				CLANG_WARN_INFINITE_RECURSION = YES;
				CLANG_WARN_INT_CONVERSION = YES;
				CLANG_WARN_NON_LITERAL_NULL_CONVERSION = YES;
				CLANG_WARN_OBJC_IMPLICIT_RETAIN_CYCLE = YES;
				CLANG_WARN_OBJC_LITERAL_CONVERSION = YES;
				CLANG_WARN_OBJC_ROOT_CLASS = YES_ERROR;
				CLANG_WARN_RANGE_LOOP_ANALYSIS = YES;
				CLANG_WARN_STRICT_PROTOTYPES = YES;
				CLANG_WARN_SUSPICIOUS_MOVE = YES;
				CLANG_WARN_UNGUARDED_AVAILABILITY = YES_AGGRESSIVE;
				CLANG_WARN_UNREACHABLE_CODE = YES;
				CLANG_WARN__DUPLICATE_METHOD_MATCH = YES;
				COPY_PHASE_STRIP = NO;
				DEBUG_INFORMATION_FORMAT = dwarf;
				ENABLE_STRICT_OBJC_MSGSEND = YES;
				ENABLE_TESTABILITY = YES;
				GCC_C_LANGUAGE_STANDARD = gnu17;
				GCC_DYNAMIC_NO_PIC = NO;
				GCC_NO_COMMON_BLOCKS = YES;
				GCC_OPTIMIZATION_LEVEL = 0;
				GCC_PREPROCESSOR_DEFINITIONS = (
					"DEBUG=1",
					"$(inherited)",
				);
				GCC_WARN_64_TO_32_BIT_CONVERSION = YES;
				GCC_WARN_ABOUT_RETURN_TYPE = YES_ERROR;
				GCC_WARN_UNDECLARED_SELECTOR = YES;
				GCC_WARN_UNINITIALIZED_AUTOS = YES_AGGRESSIVE;
				GCC_WARN_UNUSED_FUNCTION = YES;
				GCC_WARN_UNUSED_VARIABLE = YES;
				MACOSX_DEPLOYMENT_TARGET = 14.0;
				MTL_ENABLE_DEBUG_INFO = INCLUDE_SOURCE;
				MTL_FAST_MATH = YES;
				ONLY_ACTIVE_ARCH = YES;
				SDKROOT = macosx;
				SWIFT_ACTIVE_COMPILATION_CONDITIONS = DEBUG;
				SWIFT_OPTIMIZATION_LEVEL = "-Onone";
			};
			name = Debug;
		};
		001700000000011 /* Release (Project) */ = {
			isa = XCBuildConfiguration;
			buildSettings = {
				ALWAYS_SEARCH_USER_PATHS = NO;
				CLANG_ANALYZER_NONNULL = YES;
				CLANG_ANALYZER_NUMBER_OBJECT_CONVERSION = YES_AGGRESSIVE;
				CLANG_CXX_LANGUAGE_STANDARD = "gnu++20";
				CLANG_ENABLE_MODULES = YES;
				CLANG_ENABLE_OBJC_ARC = YES;
				CLANG_ENABLE_OBJC_WEAK = YES;
				CLANG_WARN_BLOCK_CAPTURE_AUTORELEASING = YES;
				CLANG_WARN_BOOL_CONVERSION = YES;
				CLANG_WARN_COMMA = YES;
				CLANG_WARN_CONSTANT_CONVERSION = YES;
				CLANG_WARN_DEPRECATED_OBJC_IMPLEMENTATIONS = YES;
				CLANG_WARN_DIRECT_OBJC_ISA_USAGE = YES_ERROR;
				CLANG_WARN_DOCUMENTATION_COMMENTS = YES;
				CLANG_WARN_EMPTY_BODY = YES;
				CLANG_WARN_ENUM_CONVERSION = YES;
				CLANG_WARN_INFINITE_RECURSION = YES;
				CLANG_WARN_INT_CONVERSION = YES;
				CLANG_WARN_NON_LITERAL_NULL_CONVERSION = YES;
				CLANG_WARN_OBJC_IMPLICIT_RETAIN_CYCLE = YES;
				CLANG_WARN_OBJC_LITERAL_CONVERSION = YES;
				CLANG_WARN_OBJC_ROOT_CLASS = YES_ERROR;
				CLANG_WARN_RANGE_LOOP_ANALYSIS = YES;
				CLANG_WARN_STRICT_PROTOTYPES = YES;
				CLANG_WARN_SUSPICIOUS_MOVE = YES;
				CLANG_WARN_UNGUARDED_AVAILABILITY = YES_AGGRESSIVE;
				CLANG_WARN_UNREACHABLE_CODE = YES;
				CLANG_WARN__DUPLICATE_METHOD_MATCH = YES;
				COPY_PHASE_STRIP = NO;
				DEBUG_INFORMATION_FORMAT = "dwarf-with-dsym";
				ENABLE_NS_ASSERTIONS = NO;
				ENABLE_STRICT_OBJC_MSGSEND = YES;
				GCC_C_LANGUAGE_STANDARD = gnu17;
				GCC_NO_COMMON_BLOCKS = YES;
				GCC_WARN_64_TO_32_BIT_CONVERSION = YES;
				GCC_WARN_ABOUT_RETURN_TYPE = YES_ERROR;
				GCC_WARN_UNDECLARED_SELECTOR = YES;
				GCC_WARN_UNINITIALIZED_AUTOS = YES_AGGRESSIVE;
				GCC_WARN_UNUSED_FUNCTION = YES;
				GCC_WARN_UNUSED_VARIABLE = YES;
				MACOSX_DEPLOYMENT_TARGET = 14.0;
				MTL_ENABLE_DEBUG_INFO = NO;
				MTL_FAST_MATH = YES;
				SDKROOT = macosx;
				SWIFT_COMPILATION_MODE = wholemodule;
				SWIFT_OPTIMIZATION_LEVEL = "-O";
			};
			name = Release;
		};
		001700000000020 /* Debug (Flint) */ = {
			isa = XCBuildConfiguration;
			buildSettings = {
				ASSETCATALOG_COMPILER_APPICON_NAME = AppIcon;
				ASSETCATALOG_COMPILER_GLOBAL_ACCENT_COLOR_NAME = AccentColor;
				CODE_SIGN_ENTITLEMENTS = Resources/Flint-debug.entitlements;
				CODE_SIGN_STYLE = Automatic;
				COMBINE_HIDPI_IMAGES = YES;
				CURRENT_PROJECT_VERSION = 1;
				ENABLE_HARDENED_RUNTIME = NO;
				ENABLE_PREVIEWS = YES;
				GENERATE_INFOPLIST_FILE = NO;
				INFOPLIST_FILE = Info.plist;
				LD_RUNPATH_SEARCH_PATHS = (
					"$(inherited)",
					"@executable_path/../Frameworks",
				);
				MARKETING_VERSION = 0.1.0;
				PRODUCT_BUNDLE_IDENTIFIER = "com.flint.app";
				PRODUCT_NAME = "$(TARGET_NAME)";
				SDKROOT = macosx;
				SWIFT_EMIT_LOC_STRINGS = YES;
				SWIFT_STRICT_CONCURRENCY = complete;
				SWIFT_VERSION = 6.0;
				TARGETED_DEVICE_FAMILY = "";
				MACOSX_DEPLOYMENT_TARGET = 14.0;
			};
			name = Debug;
		};
		001700000000021 /* Release (Flint) */ = {
			isa = XCBuildConfiguration;
			buildSettings = {
				ASSETCATALOG_COMPILER_APPICON_NAME = AppIcon;
				ASSETCATALOG_COMPILER_GLOBAL_ACCENT_COLOR_NAME = AccentColor;
				CODE_SIGN_ENTITLEMENTS = Resources/Flint-release.entitlements;
				CODE_SIGN_STYLE = Automatic;
				COMBINE_HIDPI_IMAGES = YES;
				CURRENT_PROJECT_VERSION = 1;
				ENABLE_HARDENED_RUNTIME = YES;
				ENABLE_PREVIEWS = YES;
				GENERATE_INFOPLIST_FILE = NO;
				INFOPLIST_FILE = Info.plist;
				LD_RUNPATH_SEARCH_PATHS = (
					"$(inherited)",
					"@executable_path/../Frameworks",
				);
				MARKETING_VERSION = 0.1.0;
				PRODUCT_BUNDLE_IDENTIFIER = "com.flint.app";
				PRODUCT_NAME = "$(TARGET_NAME)";
				SDKROOT = macosx;
				SWIFT_EMIT_LOC_STRINGS = YES;
				SWIFT_STRICT_CONCURRENCY = complete;
				SWIFT_VERSION = 6.0;
				TARGETED_DEVICE_FAMILY = "";
				MACOSX_DEPLOYMENT_TARGET = 14.0;
			};
			name = Release;
		};
		001700000000030 /* Debug (FlintTests) */ = {
			isa = XCBuildConfiguration;
			buildSettings = {
				BUNDLE_LOADER = "$(TEST_HOST)";
				CODE_SIGN_STYLE = Automatic;
				CURRENT_PROJECT_VERSION = 1;
				GENERATE_INFOPLIST_FILE = YES;
				MACOSX_DEPLOYMENT_TARGET = 14.0;
				MARKETING_VERSION = 0.1.0;
				PRODUCT_BUNDLE_IDENTIFIER = "com.flint.app.tests";
				PRODUCT_NAME = "$(TARGET_NAME)";
				SDKROOT = macosx;
				SWIFT_STRICT_CONCURRENCY = complete;
				SWIFT_VERSION = 6.0;
				TEST_HOST = "$(BUILT_PRODUCTS_DIR)/Flint.app/Contents/MacOS/Flint";
			};
			name = Debug;
		};
		001700000000031 /* Release (FlintTests) */ = {
			isa = XCBuildConfiguration;
			buildSettings = {
				BUNDLE_LOADER = "$(TEST_HOST)";
				CODE_SIGN_STYLE = Automatic;
				CURRENT_PROJECT_VERSION = 1;
				GENERATE_INFOPLIST_FILE = YES;
				MACOSX_DEPLOYMENT_TARGET = 14.0;
				MARKETING_VERSION = 0.1.0;
				PRODUCT_BUNDLE_IDENTIFIER = "com.flint.app.tests";
				PRODUCT_NAME = "$(TARGET_NAME)";
				SDKROOT = macosx;
				SWIFT_STRICT_CONCURRENCY = complete;
				SWIFT_VERSION = 6.0;
				TEST_HOST = "$(BUILT_PRODUCTS_DIR)/Flint.app/Contents/MacOS/Flint";
			};
			name = Release;
		};
/* End XCBuildConfiguration section */

/* Begin XCConfigurationList section */
		001700000000000 /* Build configuration list for PBXProject "Flint" */ = {
			isa = XCConfigurationList;
			buildConfigurations = (
				001700000000010 /* Debug */,
				001700000000011 /* Release */,
			);
			defaultConfigurationIsVisible = 0;
			defaultConfigurationName = Release;
		};
		001700000000001 /* Build configuration list for PBXNativeTarget "Flint" */ = {
			isa = XCConfigurationList;
			buildConfigurations = (
				001700000000020 /* Debug */,
				001700000000021 /* Release */,
			);
			defaultConfigurationIsVisible = 0;
			defaultConfigurationName = Release;
		};
		001700000000002 /* Build configuration list for PBXNativeTarget "FlintTests" */ = {
			isa = XCConfigurationList;
			buildConfigurations = (
				001700000000030 /* Debug */,
				001700000000031 /* Release */,
			);
			defaultConfigurationIsVisible = 0;
			defaultConfigurationName = Release;
		};
/* End XCConfigurationList section */

/* Begin XCRemoteSwiftPackageReference section */
		001B00000000001 /* XCRemoteSwiftPackageReference "GRDB.swift" */ = {
			isa = XCRemoteSwiftPackageReference;
			repositoryURL = "https://github.com/groue/GRDB.swift.git";
			requirement = {
				kind = exactVersion;
				version = "7.11.1";
			};
		};
		001B00000000002 /* XCRemoteSwiftPackageReference "KeyboardShortcuts" */ = {
			isa = XCRemoteSwiftPackageReference;
			repositoryURL = "https://github.com/sindresorhus/KeyboardShortcuts";
			requirement = {
				kind = exactVersion;
				version = "3.0.1";
			};
		};
		001B00000000003 /* XCRemoteSwiftPackageReference "MenuBarExtraAccess" */ = {
			isa = XCRemoteSwiftPackageReference;
			repositoryURL = "https://github.com/orchetect/MenuBarExtraAccess";
			requirement = {
				kind = exactVersion;
				version = "1.3.0";
			};
		};
		001B00000000004 /* XCRemoteSwiftPackageReference "HighlightSwift" */ = {
			isa = XCRemoteSwiftPackageReference;
			repositoryURL = "https://github.com/appstefan/HighlightSwift";
			requirement = {
				kind = exactVersion;
				version = "1.1.0";
			};
		};
		001B00000000005 /* XCRemoteSwiftPackageReference "UUIDv7" */ = {
			isa = XCRemoteSwiftPackageReference;
			repositoryURL = "https://github.com/leodabus/UUIDv7";
			requirement = {
				kind = revision;
				revision = "186b273ed1374fab5708633344e10b70af115929";
			};
		};
		001B00000000006 /* XCRemoteSwiftPackageReference "ChromaKit" */ = {
			isa = XCRemoteSwiftPackageReference;
			repositoryURL = "https://github.com/HarshilShah/ChromaKit";
			requirement = {
				kind = exactVersion;
				version = "0.1.1";
			};
		};
		001B00000000007 /* XCRemoteSwiftPackageReference "swift-markdown" */ = {
			isa = XCRemoteSwiftPackageReference;
			repositoryURL = "https://github.com/swiftlang/swift-markdown";
			requirement = {
				kind = upToNextMajorVersion;
				minimumVersion = "0.8.0";
			};
		};
/* End XCRemoteSwiftPackageReference section */

/* Begin XCSwiftPackageProductDependency section */
		001300000000001 /* GRDB */ = {
			isa = XCSwiftPackageProductDependency;
			package = 001B00000000001 /* XCRemoteSwiftPackageReference "GRDB.swift" */;
			productName = GRDB;
		};
		001300000000002 /* KeyboardShortcuts */ = {
			isa = XCSwiftPackageProductDependency;
			package = 001B00000000002 /* XCRemoteSwiftPackageReference "KeyboardShortcuts" */;
			productName = KeyboardShortcuts;
		};
		001300000000003 /* MenuBarExtraAccess */ = {
			isa = XCSwiftPackageProductDependency;
			package = 001B00000000003 /* XCRemoteSwiftPackageReference "MenuBarExtraAccess" */;
			productName = MenuBarExtraAccess;
		};
		001300000000004 /* HighlightSwift */ = {
			isa = XCSwiftPackageProductDependency;
			package = 001B00000000004 /* XCRemoteSwiftPackageReference "HighlightSwift" */;
			productName = HighlightSwift;
		};
		001300000000011 /* GRDB */ = {
			isa = XCSwiftPackageProductDependency;
			package = 001B00000000001 /* XCRemoteSwiftPackageReference "GRDB.swift" */;
			productName = GRDB;
		};
		001300000000005 /* UUIDv7 */ = {
			isa = XCSwiftPackageProductDependency;
			package = 001B00000000005 /* XCRemoteSwiftPackageReference "UUIDv7" */;
			productName = UUIDv7;
		};
		001300000000021 /* ChromaKit */ = {
			isa = XCSwiftPackageProductDependency;
			package = 001B00000000006 /* XCRemoteSwiftPackageReference "ChromaKit" */;
			productName = ChromaKit;
		};
		001300000000022 /* Markdown */ = {
			isa = XCSwiftPackageProductDependency;
			package = 001B00000000007 /* XCRemoteSwiftPackageReference "swift-markdown" */;
			productName = Markdown;
		};
/* End XCSwiftPackageProductDependency section */

	};
	rootObject = 001A00000000001 /* Project object */;
}
