{
  "originHash" : "e3af3dff458b8de5df0d2f762fa6b38c617efc842e40beb0b5d79d0e2af44902",
  "pins" : [
    {
      "identity" : "grdb.swift",
      "kind" : "remoteSourceControl",
      "location" : "https://github.com/groue/GRDB.swift.git",
      "state" : {
        "revision" : "b83108d10f42680d78f23fe4d4d80fc88dab3212",
        "version" : "7.11.1"
      }
    },
    {
      "identity" : "highlightswift",
      "kind" : "remoteSourceControl",
      "location" : "https://github.com/appstefan/HighlightSwift",
      "state" : {
        "revision" : "784ca3ccfc8a2cf724fbb2f06cb6ec3329424da3",
        "version" : "1.1.0"
      }
    },
    {
      "identity" : "keyboardshortcuts",
      "kind" : "remoteSourceControl",
      "location" : "https://github.com/sindresorhus/KeyboardShortcuts",
      "state" : {
        "revision" : "49c3fc04ea827f816df67843bfcc57286b47ff06",
        "version" : "3.0.1"
      }
    },
    {
      "identity" : "menubarextraaccess",
      "kind" : "remoteSourceControl",
      "location" : "https://github.com/orchetect/MenuBarExtraAccess",
      "state" : {
        "revision" : "33bb0e4b1e407feac791e047dcaaf9c69b25fd26",
        "version" : "1.3.0"
      }
    },
    {
      "identity" : "uuidv7",
      "kind" : "remoteSourceControl",
      "location" : "https://github.com/leodabus/UUIDv7",
      "state" : {
        "revision" : "186b273ed1374fab5708633344e10b70af115929"
      }
    }
  ],
  "version" : 3
}
